<?xml version="1.0" encoding="utf-8"?>
<Project ToolsVersion="4.0" xmlns="http://schemas.microsoft.com/developer/msbuild/2003">
  <ItemGroup>
    <Filter Include="VisualGDB settings">
      <UniqueIdentifier>{a542ecfc-9a1f-4983-8244-02d55ad86873}</UniqueIdentifier>
    </Filter>
    <Filter Include="Pheonix">
      <UniqueIdentifier>{142b95c9-3d78-4aab-8439-8c268abc0f40}</UniqueIdentifier>
    </Filter>
    <Filter Include="Pheonix\GPIO">
      <UniqueIdentifier>{da9ad9da-a851-4938-b7bc-6130991c8a9c}</UniqueIdentifier>
    </Filter>
    <Filter Include="Pheonix\RCC">
      <UniqueIdentifier>{1f9686ac-4831-4da9-8c8b-72f0fad9be91}</UniqueIdentifier>
    </Filter>
    <Filter Include="Pheonix\RCC\7xx">
      <UniqueIdentifier>{c0bd7ac5-6dab-44ff-a386-ba28a83db683}</UniqueIdentifier>
    </Filter>
    <Filter Include="Pheonix\USB">
      <UniqueIdentifier>{83f3a172-a218-447c-ad5c-612cf5167769}</UniqueIdentifier>
    </Filter>
    <Filter Include="Pheonix\Display">
      <UniqueIdentifier>{d82576ac-3fb9-4f9c-ae68-b65b281d3f53}</UniqueIdentifier>
    </Filter>
    <Filter Include="Pheonix\Display\7xx">
      <UniqueIdentifier>{87d966ef-9a8f-4e01-9def-f19ecfcddad2}</UniqueIdentifier>
    </Filter>
    <Filter Include="Pheonix\Display\ILI9341">
      <UniqueIdentifier>{8afea486-a7d1-4931-bfbe-394aa01ae1ab}</UniqueIdentifier>
    </Filter>
    <Filter Include="Pheonix\Display\ST7789">
      <UniqueIdentifier>{32434238-9878-47d9-a750-a738ee85b666}</UniqueIdentifier>
    </Filter>
    <Filter Include="Pheonix\Camera">
      <UniqueIdentifier>{2a9a142d-e692-48ae-9bba-550eea35a349}</UniqueIdentifier>
    </Filter>
    <Filter Include="Pheonix\GPIO\7xx">
      <UniqueIdentifier>{40f904a1-6b18-4dab-b3c2-115b673ae5fa}</UniqueIdentifier>
    </Filter>
    <Filter Include="Drivers">
      <UniqueIdentifier>{df04c35e-02b3-4a2a-91a8-228328f24dbb}</UniqueIdentifier>
    </Filter>
    <Filter Include="Drivers\CMSIS">
      <UniqueIdentifier>{0a096845-0637-44fe-9ea4-5dfb2ff78373}</UniqueIdentifier>
    </Filter>
    <Filter Include="Drivers\STM32H7xx_HAL_Driver">
      <UniqueIdentifier>{8e151b16-7ffc-400f-b0cb-595c69eca9a8}</UniqueIdentifier>
    </Filter>
    <Filter Include="Drivers\CMSIS\Device">
      <UniqueIdentifier>{a61e6705-712d-49c7-88ae-83a634ee3bbb}</UniqueIdentifier>
    </Filter>
    <Filter Include="Drivers\CMSIS\Include">
      <UniqueIdentifier>{f44dbca4-426e-4e32-8f3a-db10fec7926f}</UniqueIdentifier>
    </Filter>
    <Filter Include="Drivers\CMSIS\Device\ST">
      <UniqueIdentifier>{c6b5896b-c079-4ea3-a6c0-1e1366aa6011}</UniqueIdentifier>
    </Filter>
    <Filter Include="Drivers\CMSIS\Device\ST\STM32H7xx">
      <UniqueIdentifier>{37cb5fe1-288e-422c-9f85-82003b7582c8}</UniqueIdentifier>
    </Filter>
    <Filter Include="Drivers\CMSIS\Device\ST\STM32H7xx\Include">
      <UniqueIdentifier>{b76ff927-37ea-499f-8813-c3a08fab8308}</UniqueIdentifier>
    </Filter>
    <Filter Include="Drivers\CMSIS\Device\ST\STM32H7xx\Source">
      <UniqueIdentifier>{d52346b9-793a-4fd1-b9a0-c7efad1b0a45}</UniqueIdentifier>
    </Filter>
    <Filter Include="Drivers\STM32H7xx_HAL_Driver\Inc">
      <UniqueIdentifier>{703215fb-f011-4437-ac04-9d645b088f65}</UniqueIdentifier>
    </Filter>
    <Filter Include="Drivers\STM32H7xx_HAL_Driver\Src">
      <UniqueIdentifier>{acf50a3d-1c3c-4b6d-b487-7818f7e2da4c}</UniqueIdentifier>
    </Filter>
    <Filter Include="Drivers\STM32H7xx_HAL_Driver\Inc\Legacy">
      <UniqueIdentifier>{4f2142fc-17bb-48b9-a7dd-66921851499f}</UniqueIdentifier>
    </Filter>
    <Filter Include="Core">
      <UniqueIdentifier>{1f531454-f461-4990-90a9-8490dc9525f1}</UniqueIdentifier>
    </Filter>
    <Filter Include="Pheonix\Display\ST7735">
      <UniqueIdentifier>{44748885-abae-4c52-bf3f-d377a985a46f}</UniqueIdentifier>
    </Filter>
    <Filter Include="Device-specific files">
      <UniqueIdentifier>{62aca6a5-694b-4a70-bc23-6b1e7aced5af}</UniqueIdentifier>
    </Filter>
  </ItemGroup>
  <ItemGroup>
    <None Include="BasicCameraH743-Debug.vgdbsettings">
      <Filter>VisualGDB settings</Filter>
    </None>
    <None Include="BasicCameraH743-Release.vgdbsettings">
      <Filter>VisualGDB settings</Filter>
    </None>
    <None Include="stm32.xml">
      <Filter>VisualGDB settings</Filter>
    </None>
    <ClCompile Include="Pheonix\RCC\7xx\rcc_7xx.c">
      <Filter>Pheonix\RCC\7xx</Filter>
    </ClCompile>
    <ClCompile Include="Pheonix\Display\gui.c">
      <Filter>Pheonix\Display</Filter>
    </ClCompile>
    <ClCompile Include="Pheonix\Display\DisplayList.c">
      <Filter>Pheonix\Display</Filter>
    </ClCompile>
    <ClCompile Include="Pheonix\Display\display.c">
      <Filter>Pheonix\Display</Filter>
    </ClCompile>
    <ClCompile Include="Pheonix\Display\colortables.c">
      <Filter>Pheonix\Display</Filter>
    </ClCompile>
    <ClCompile Include="Pheonix\Display\ST7789\st7789.c">
      <Filter>Pheonix\Display\ST7789</Filter>
    </ClCompile>
    <ClCompile Include="Pheonix\Display\ILI9341\ILI9341_Touchscreen.c">
      <Filter>Pheonix\Display\ILI9341</Filter>
    </ClCompile>
    <ClCompile Include="Pheonix\Display\ILI9341\ILI9341_STM32_Driver.c">
      <Filter>Pheonix\Display\ILI9341</Filter>
    </ClCompile>
    <ClCompile Include="Pheonix\Display\ILI9341\ILI9341_GFX.c">
      <Filter>Pheonix\Display\ILI9341</Filter>
    </ClCompile>
    <ClCompile Include="Pheonix\Display\7xx\lcdspi_7xx.c">
      <Filter>Pheonix\Display\7xx</Filter>
    </ClCompile>
    <ClCompile Include="Pheonix\Camera\ov7725_regs.c">
      <Filter>Pheonix\Camera</Filter>
    </ClCompile>
    <ClCompile Include="Pheonix\Camera\ov7725.c">
      <Filter>Pheonix\Camera</Filter>
    </ClCompile>
    <ClCompile Include="Pheonix\Camera\ov7670_regs.c">
      <Filter>Pheonix\Camera</Filter>
    </ClCompile>
    <ClCompile Include="Pheonix\Camera\ov7670.c">
      <Filter>Pheonix\Camera</Filter>
    </ClCompile>
    <ClCompile Include="Pheonix\Camera\ov5640_regs.c">
      <Filter>Pheonix\Camera</Filter>
    </ClCompile>
    <ClCompile Include="Pheonix\Camera\ov5640.c">
      <Filter>Pheonix\Camera</Filter>
    </ClCompile>
    <ClCompile Include="Pheonix\Camera\ov2640_regs.c">
      <Filter>Pheonix\Camera</Filter>
    </ClCompile>
    <ClCompile Include="Pheonix\Camera\ov2640.c">
      <Filter>Pheonix\Camera</Filter>
    </ClCompile>
    <ClCompile Include="Pheonix\Camera\dcmi.c">
      <Filter>Pheonix\Camera</Filter>
    </ClCompile>
    <ClCompile Include="Pheonix\Camera\camera.c">
      <Filter>Pheonix\Camera</Filter>
    </ClCompile>
    <ClCompile Include="Pheonix\GPIO\7xx\pins_7xx.c">
      <Filter>Pheonix\GPIO\7xx</Filter>
    </ClCompile>
    <ClCompile Include="Pheonix\GPIO\7xx\pininit.c">
      <Filter>Pheonix\GPIO\7xx</Filter>
    </ClCompile>
    <ClCompile Include="main.c" />
    <ClCompile Include="taskmanager.c" />
    <None Include="stm32.props">
      <Filter>Device-specific files</Filter>
    </None>
    <ClInclude Include="$(BSP_ROOT)\STM32H7xxxx\STM32_USB_Device_Library\Class\CDC\Inc\usbd_cdc.h">
      <Filter>Device-specific files</Filter>
    </ClInclude>
    <ClInclude Include="$(BSP_ROOT)\STM32H7xxxx\STM32_USB_Device_Library\Core\Inc\usbd_core.h">
      <Filter>Device-specific files</Filter>
    </ClInclude>
    <ClInclude Include="$(BSP_ROOT)\STM32H7xxxx\STM32_USB_Device_Library\Core\Inc\usbd_ctlreq.h">
      <Filter>Device-specific files</Filter>
    </ClInclude>
    <ClInclude Include="$(BSP_ROOT)\STM32H7xxxx\STM32_USB_Device_Library\Core\Inc\usbd_def.h">
      <Filter>Device-specific files</Filter>
    </ClInclude>
    <ClInclude Include="$(BSP_ROOT)\STM32H7xxxx\STM32_USB_Device_Library\Core\Inc\usbd_ioreq.h">
      <Filter>Device-specific files</Filter>
    </ClInclude>
    <ClInclude Include="$(BSP_ROOT)\STM32H7xxxx\STM32H7xx_HAL_Driver\Inc\stm32h7xx_hal.h">
      <Filter>Device-specific files</Filter>
    </ClInclude>
    <ClInclude Include="$(BSP_ROOT)\STM32H7xxxx\STM32H7xx_HAL_Driver\Inc\stm32h7xx_hal_adc.h">
      <Filter>Device-specific files</Filter>
    </ClInclude>
    <ClInclude Include="$(BSP_ROOT)\STM32H7xxxx\STM32H7xx_HAL_Driver\Inc\stm32h7xx_hal_adc_ex.h">
      <Filter>Device-specific files</Filter>
    </ClInclude>
    <ClInclude Include="$(BSP_ROOT)\STM32H7xxxx\STM32H7xx_HAL_Driver\Inc\stm32h7xx_hal_cec.h">
      <Filter>Device-specific files</Filter>
    </ClInclude>
    <ClInclude Include="$(BSP_ROOT)\STM32H7xxxx\STM32H7xx_HAL_Driver\Inc\stm32h7xx_hal_comp.h">
      <Filter>Device-specific files</Filter>
    </ClInclude>
    <ClInclude Include="$(BSP_ROOT)\STM32H7xxxx\STM32H7xx_HAL_Driver\Inc\stm32h7xx_hal_cordic.h">
      <Filter>Device-specific files</Filter>
    </ClInclude>
    <ClInclude Include="$(BSP_ROOT)\STM32H7xxxx\STM32H7xx_HAL_Driver\Inc\stm32h7xx_hal_cortex.h">
      <Filter>Device-specific files</Filter>
    </ClInclude>
    <ClInclude Include="$(BSP_ROOT)\STM32H7xxxx\STM32H7xx_HAL_Driver\Inc\stm32h7xx_hal_crc.h">
      <Filter>Device-specific files</Filter>
    </ClInclude>
    <ClInclude Include="$(BSP_ROOT)\STM32H7xxxx\STM32H7xx_HAL_Driver\Inc\stm32h7xx_hal_crc_ex.h">
      <Filter>Device-specific files</Filter>
    </ClInclude>
    <ClInclude Include="$(BSP_ROOT)\STM32H7xxxx\STM32H7xx_HAL_Driver\Inc\stm32h7xx_hal_cryp.h">
      <Filter>Device-specific files</Filter>
    </ClInclude>
    <ClInclude Include="$(BSP_ROOT)\STM32H7xxxx\STM32H7xx_HAL_Driver\Inc\stm32h7xx_hal_cryp_ex.h">
      <Filter>Device-specific files</Filter>
    </ClInclude>
    <ClInclude Include="$(BSP_ROOT)\STM32H7xxxx\STM32H7xx_HAL_Driver\Inc\stm32h7xx_hal_dac.h">
      <Filter>Device-specific files</Filter>
    </ClInclude>
    <ClInclude Include="$(BSP_ROOT)\STM32H7xxxx\STM32H7xx_HAL_Driver\Inc\stm32h7xx_hal_dac_ex.h">
      <Filter>Device-specific files</Filter>
    </ClInclude>
    <ClInclude Include="$(BSP_ROOT)\STM32H7xxxx\STM32H7xx_HAL_Driver\Inc\stm32h7xx_hal_dcmi.h">
      <Filter>Device-specific files</Filter>
    </ClInclude>
    <ClInclude Include="$(BSP_ROOT)\STM32H7xxxx\STM32H7xx_HAL_Driver\Inc\stm32h7xx_hal_def.h">
      <Filter>Device-specific files</Filter>
    </ClInclude>
    <ClInclude Include="$(BSP_ROOT)\STM32H7xxxx\STM32H7xx_HAL_Driver\Inc\stm32h7xx_hal_dfsdm.h">
      <Filter>Device-specific files</Filter>
    </ClInclude>
    <ClInclude Include="$(BSP_ROOT)\STM32H7xxxx\STM32H7xx_HAL_Driver\Inc\stm32h7xx_hal_dfsdm_ex.h">
      <Filter>Device-specific files</Filter>
    </ClInclude>
    <ClInclude Include="$(BSP_ROOT)\STM32H7xxxx\STM32H7xx_HAL_Driver\Inc\stm32h7xx_hal_dma.h">
      <Filter>Device-specific files</Filter>
    </ClInclude>
    <ClInclude Include="$(BSP_ROOT)\STM32H7xxxx\STM32H7xx_HAL_Driver\Inc\stm32h7xx_hal_dma2d.h">
      <Filter>Device-specific files</Filter>
    </ClInclude>
    <ClInclude Include="$(BSP_ROOT)\STM32H7xxxx\STM32H7xx_HAL_Driver\Inc\stm32h7xx_hal_dma_ex.h">
      <Filter>Device-specific files</Filter>
    </ClInclude>
    <ClInclude Include="$(BSP_ROOT)\STM32H7xxxx\STM32H7xx_HAL_Driver\Inc\stm32h7xx_hal_dsi.h">
      <Filter>Device-specific files</Filter>
    </ClInclude>
    <ClInclude Include="$(BSP_ROOT)\STM32H7xxxx\STM32H7xx_HAL_Driver\Inc\stm32h7xx_hal_dts.h">
      <Filter>Device-specific files</Filter>
    </ClInclude>
    <ClInclude Include="$(BSP_ROOT)\STM32H7xxxx\STM32H7xx_HAL_Driver\Inc\stm32h7xx_hal_eth.h">
      <Filter>Device-specific files</Filter>
    </ClInclude>
    <ClInclude Include="$(BSP_ROOT)\STM32H7xxxx\STM32H7xx_HAL_Driver\Inc\stm32h7xx_hal_eth_ex.h">
      <Filter>Device-specific files</Filter>
    </ClInclude>
    <ClInclude Include="$(BSP_ROOT)\STM32H7xxxx\STM32H7xx_HAL_Driver\Inc\stm32h7xx_hal_exti.h">
      <Filter>Device-specific files</Filter>
    </ClInclude>
    <ClInclude Include="$(BSP_ROOT)\STM32H7xxxx\STM32H7xx_HAL_Driver\Inc\stm32h7xx_hal_fdcan.h">
      <Filter>Device-specific files</Filter>
    </ClInclude>
    <ClInclude Include="$(BSP_ROOT)\STM32H7xxxx\STM32H7xx_HAL_Driver\Inc\stm32h7xx_hal_flash.h">
      <Filter>Device-specific files</Filter>
    </ClInclude>
    <ClInclude Include="$(BSP_ROOT)\STM32H7xxxx\STM32H7xx_HAL_Driver\Inc\stm32h7xx_hal_flash_ex.h">
      <Filter>Device-specific files</Filter>
    </ClInclude>
    <ClInclude Include="$(BSP_ROOT)\STM32H7xxxx\STM32H7xx_HAL_Driver\Inc\stm32h7xx_hal_fmac.h">
      <Filter>Device-specific files</Filter>
    </ClInclude>
    <ClInclude Include="$(BSP_ROOT)\STM32H7xxxx\STM32H7xx_HAL_Driver\Inc\stm32h7xx_hal_gfxmmu.h">
      <Filter>Device-specific files</Filter>
    </ClInclude>
    <ClInclude Include="$(BSP_ROOT)\STM32H7xxxx\STM32H7xx_HAL_Driver\Inc\stm32h7xx_hal_gpio.h">
      <Filter>Device-specific files</Filter>
    </ClInclude>
    <ClInclude Include="$(BSP_ROOT)\STM32H7xxxx\STM32H7xx_HAL_Driver\Inc\stm32h7xx_hal_gpio_ex.h">
      <Filter>Device-specific files</Filter>
    </ClInclude>
    <ClInclude Include="$(BSP_ROOT)\STM32H7xxxx\STM32H7xx_HAL_Driver\Inc\stm32h7xx_hal_hash.h">
      <Filter>Device-specific files</Filter>
    </ClInclude>
    <ClInclude Include="$(BSP_ROOT)\STM32H7xxxx\STM32H7xx_HAL_Driver\Inc\stm32h7xx_hal_hash_ex.h">
      <Filter>Device-specific files</Filter>
    </ClInclude>
    <ClInclude Include="$(BSP_ROOT)\STM32H7xxxx\STM32H7xx_HAL_Driver\Inc\stm32h7xx_hal_hcd.h">
      <Filter>Device-specific files</Filter>
    </ClInclude>
    <ClInclude Include="$(BSP_ROOT)\STM32H7xxxx\STM32H7xx_HAL_Driver\Inc\stm32h7xx_hal_hrtim.h">
      <Filter>Device-specific files</Filter>
    </ClInclude>
    <ClInclude Include="$(BSP_ROOT)\STM32H7xxxx\STM32H7xx_HAL_Driver\Inc\stm32h7xx_hal_hsem.h">
      <Filter>Device-specific files</Filter>
    </ClInclude>
    <ClInclude Include="$(BSP_ROOT)\STM32H7xxxx\STM32H7xx_HAL_Driver\Inc\stm32h7xx_hal_i2c.h">
      <Filter>Device-specific files</Filter>
    </ClInclude>
    <ClInclude Include="$(BSP_ROOT)\STM32H7xxxx\STM32H7xx_HAL_Driver\Inc\stm32h7xx_hal_i2c_ex.h">
      <Filter>Device-specific files</Filter>
    </ClInclude>
    <ClInclude Include="$(BSP_ROOT)\STM32H7xxxx\STM32H7xx_HAL_Driver\Inc\stm32h7xx_hal_i2s.h">
      <Filter>Device-specific files</Filter>
    </ClInclude>
    <ClInclude Include="$(BSP_ROOT)\STM32H7xxxx\STM32H7xx_HAL_Driver\Inc\stm32h7xx_hal_i2s_ex.h">
      <Filter>Device-specific files</Filter>
    </ClInclude>
    <ClInclude Include="$(BSP_ROOT)\STM32H7xxxx\STM32H7xx_HAL_Driver\Inc\stm32h7xx_hal_irda.h">
      <Filter>Device-specific files</Filter>
    </ClInclude>
    <ClInclude Include="$(BSP_ROOT)\STM32H7xxxx\STM32H7xx_HAL_Driver\Inc\stm32h7xx_hal_irda_ex.h">
      <Filter>Device-specific files</Filter>
    </ClInclude>
    <ClInclude Include="$(BSP_ROOT)\STM32H7xxxx\STM32H7xx_HAL_Driver\Inc\stm32h7xx_hal_iwdg.h">
      <Filter>Device-specific files</Filter>
    </ClInclude>
    <ClInclude Include="$(BSP_ROOT)\STM32H7xxxx\STM32H7xx_HAL_Driver\Inc\stm32h7xx_hal_jpeg.h">
      <Filter>Device-specific files</Filter>
    </ClInclude>
    <ClInclude Include="$(BSP_ROOT)\STM32H7xxxx\STM32H7xx_HAL_Driver\Inc\stm32h7xx_hal_lptim.h">
      <Filter>Device-specific files</Filter>
    </ClInclude>
    <ClInclude Include="$(BSP_ROOT)\STM32H7xxxx\STM32H7xx_HAL_Driver\Inc\stm32h7xx_hal_ltdc.h">
      <Filter>Device-specific files</Filter>
    </ClInclude>
    <ClInclude Include="$(BSP_ROOT)\STM32H7xxxx\STM32H7xx_HAL_Driver\Inc\stm32h7xx_hal_ltdc_ex.h">
      <Filter>Device-specific files</Filter>
    </ClInclude>
    <ClInclude Include="$(BSP_ROOT)\STM32H7xxxx\STM32H7xx_HAL_Driver\Inc\stm32h7xx_hal_mdios.h">
      <Filter>Device-specific files</Filter>
    </ClInclude>
    <ClInclude Include="$(BSP_ROOT)\STM32H7xxxx\STM32H7xx_HAL_Driver\Inc\stm32h7xx_hal_mdma.h">
      <Filter>Device-specific files</Filter>
    </ClInclude>
    <ClInclude Include="$(BSP_ROOT)\STM32H7xxxx\STM32H7xx_HAL_Driver\Inc\stm32h7xx_hal_mmc.h">
      <Filter>Device-specific files</Filter>
    </ClInclude>
    <ClInclude Include="$(BSP_ROOT)\STM32H7xxxx\STM32H7xx_HAL_Driver\Inc\stm32h7xx_hal_mmc_ex.h">
      <Filter>Device-specific files</Filter>
    </ClInclude>
    <ClInclude Include="$(BSP_ROOT)\STM32H7xxxx\STM32H7xx_HAL_Driver\Inc\stm32h7xx_hal_nand.h">
      <Filter>Device-specific files</Filter>
    </ClInclude>
    <ClInclude Include="$(BSP_ROOT)\STM32H7xxxx\STM32H7xx_HAL_Driver\Inc\stm32h7xx_hal_nor.h">
      <Filter>Device-specific files</Filter>
    </ClInclude>
    <ClInclude Include="$(BSP_ROOT)\STM32H7xxxx\STM32H7xx_HAL_Driver\Inc\stm32h7xx_hal_opamp.h">
      <Filter>Device-specific files</Filter>
    </ClInclude>
    <ClInclude Include="$(BSP_ROOT)\STM32H7xxxx\STM32H7xx_HAL_Driver\Inc\stm32h7xx_hal_opamp_ex.h">
      <Filter>Device-specific files</Filter>
    </ClInclude>
    <ClInclude Include="$(BSP_ROOT)\STM32H7xxxx\STM32H7xx_HAL_Driver\Inc\stm32h7xx_hal_ospi.h">
      <Filter>Device-specific files</Filter>
    </ClInclude>
    <ClInclude Include="$(BSP_ROOT)\STM32H7xxxx\STM32H7xx_HAL_Driver\Inc\stm32h7xx_hal_otfdec.h">
      <Filter>Device-specific files</Filter>
    </ClInclude>
    <ClInclude Include="$(BSP_ROOT)\STM32H7xxxx\STM32H7xx_HAL_Driver\Inc\stm32h7xx_hal_pcd.h">
      <Filter>Device-specific files</Filter>
    </ClInclude>
    <ClInclude Include="$(BSP_ROOT)\STM32H7xxxx\STM32H7xx_HAL_Driver\Inc\stm32h7xx_hal_pcd_ex.h">
      <Filter>Device-specific files</Filter>
    </ClInclude>
    <ClInclude Include="$(BSP_ROOT)\STM32H7xxxx\STM32H7xx_HAL_Driver\Inc\stm32h7xx_hal_pssi.h">
      <Filter>Device-specific files</Filter>
    </ClInclude>
    <ClInclude Include="$(BSP_ROOT)\STM32H7xxxx\STM32H7xx_HAL_Driver\Inc\stm32h7xx_hal_pwr.h">
      <Filter>Device-specific files</Filter>
    </ClInclude>
    <ClInclude Include="$(BSP_ROOT)\STM32H7xxxx\STM32H7xx_HAL_Driver\Inc\stm32h7xx_hal_pwr_ex.h">
      <Filter>Device-specific files</Filter>
    </ClInclude>
    <ClInclude Include="$(BSP_ROOT)\STM32H7xxxx\STM32H7xx_HAL_Driver\Inc\stm32h7xx_hal_qspi.h">
      <Filter>Device-specific files</Filter>
    </ClInclude>
    <ClInclude Include="$(BSP_ROOT)\STM32H7xxxx\STM32H7xx_HAL_Driver\Inc\stm32h7xx_hal_ramecc.h">
      <Filter>Device-specific files</Filter>
    </ClInclude>
    <ClInclude Include="$(BSP_ROOT)\STM32H7xxxx\STM32H7xx_HAL_Driver\Inc\stm32h7xx_hal_rcc.h">
      <Filter>Device-specific files</Filter>
    </ClInclude>
    <ClInclude Include="$(BSP_ROOT)\STM32H7xxxx\STM32H7xx_HAL_Driver\Inc\stm32h7xx_hal_rcc_ex.h">
      <Filter>Device-specific files</Filter>
    </ClInclude>
    <ClInclude Include="$(BSP_ROOT)\STM32H7xxxx\STM32H7xx_HAL_Driver\Inc\stm32h7xx_hal_rng.h">
      <Filter>Device-specific files</Filter>
    </ClInclude>
    <ClInclude Include="$(BSP_ROOT)\STM32H7xxxx\STM32H7xx_HAL_Driver\Inc\stm32h7xx_hal_rng_ex.h">
      <Filter>Device-specific files</Filter>
    </ClInclude>
    <ClInclude Include="$(BSP_ROOT)\STM32H7xxxx\STM32H7xx_HAL_Driver\Inc\stm32h7xx_hal_rtc.h">
      <Filter>Device-specific files</Filter>
    </ClInclude>
    <ClInclude Include="$(BSP_ROOT)\STM32H7xxxx\STM32H7xx_HAL_Driver\Inc\stm32h7xx_hal_rtc_ex.h">
      <Filter>Device-specific files</Filter>
    </ClInclude>
    <ClInclude Include="$(BSP_ROOT)\STM32H7xxxx\STM32H7xx_HAL_Driver\Inc\stm32h7xx_hal_sai.h">
      <Filter>Device-specific files</Filter>
    </ClInclude>
    <ClInclude Include="$(BSP_ROOT)\STM32H7xxxx\STM32H7xx_HAL_Driver\Inc\stm32h7xx_hal_sai_ex.h">
      <Filter>Device-specific files</Filter>
    </ClInclude>
    <ClInclude Include="$(BSP_ROOT)\STM32H7xxxx\STM32H7xx_HAL_Driver\Inc\stm32h7xx_hal_sd.h">
      <Filter>Device-specific files</Filter>
    </ClInclude>
    <ClInclude Include="$(BSP_ROOT)\STM32H7xxxx\STM32H7xx_HAL_Driver\Inc\stm32h7xx_hal_sdram.h">
      <Filter>Device-specific files</Filter>
    </ClInclude>
    <ClInclude Include="$(BSP_ROOT)\STM32H7xxxx\STM32H7xx_HAL_Driver\Inc\stm32h7xx_hal_sd_ex.h">
      <Filter>Device-specific files</Filter>
    </ClInclude>
    <ClInclude Include="$(BSP_ROOT)\STM32H7xxxx\STM32H7xx_HAL_Driver\Inc\stm32h7xx_hal_smartcard.h">
      <Filter>Device-specific files</Filter>
    </ClInclude>
    <ClInclude Include="$(BSP_ROOT)\STM32H7xxxx\STM32H7xx_HAL_Driver\Inc\stm32h7xx_hal_smartcard_ex.h">
      <Filter>Device-specific files</Filter>
    </ClInclude>
    <ClInclude Include="$(BSP_ROOT)\STM32H7xxxx\STM32H7xx_HAL_Driver\Inc\stm32h7xx_hal_smbus.h">
      <Filter>Device-specific files</Filter>
    </ClInclude>
    <ClInclude Include="$(BSP_ROOT)\STM32H7xxxx\STM32H7xx_HAL_Driver\Inc\stm32h7xx_hal_smbus_ex.h">
      <Filter>Device-specific files</Filter>
    </ClInclude>
    <ClInclude Include="$(BSP_ROOT)\STM32H7xxxx\STM32H7xx_HAL_Driver\Inc\stm32h7xx_hal_spdifrx.h">
      <Filter>Device-specific files</Filter>
    </ClInclude>
    <ClInclude Include="$(BSP_ROOT)\STM32H7xxxx\STM32H7xx_HAL_Driver\Inc\stm32h7xx_hal_spi.h">
      <Filter>Device-specific files</Filter>
    </ClInclude>
    <ClInclude Include="$(BSP_ROOT)\STM32H7xxxx\STM32H7xx_HAL_Driver\Inc\stm32h7xx_hal_spi_ex.h">
      <Filter>Device-specific files</Filter>
    </ClInclude>
    <ClInclude Include="$(BSP_ROOT)\STM32H7xxxx\STM32H7xx_HAL_Driver\Inc\stm32h7xx_hal_sram.h">
      <Filter>Device-specific files</Filter>
    </ClInclude>
    <ClInclude Include="$(BSP_ROOT)\STM32H7xxxx\STM32H7xx_HAL_Driver\Inc\stm32h7xx_hal_swpmi.h">
      <Filter>Device-specific files</Filter>
    </ClInclude>
    <ClInclude Include="$(BSP_ROOT)\STM32H7xxxx\STM32H7xx_HAL_Driver\Inc\stm32h7xx_hal_tim.h">
      <Filter>Device-specific files</Filter>
    </ClInclude>
    <ClInclude Include="$(BSP_ROOT)\STM32H7xxxx\STM32H7xx_HAL_Driver\Inc\stm32h7xx_hal_tim_ex.h">
      <Filter>Device-specific files</Filter>
    </ClInclude>
    <ClInclude Include="$(BSP_ROOT)\STM32H7xxxx\STM32H7xx_HAL_Driver\Inc\stm32h7xx_hal_uart.h">
      <Filter>Device-specific files</Filter>
    </ClInclude>
    <ClInclude Include="$(BSP_ROOT)\STM32H7xxxx\STM32H7xx_HAL_Driver\Inc\stm32h7xx_hal_uart_ex.h">
      <Filter>Device-specific files</Filter>
    </ClInclude>
    <ClInclude Include="$(BSP_ROOT)\STM32H7xxxx\STM32H7xx_HAL_Driver\Inc\stm32h7xx_hal_usart.h">
      <Filter>Device-specific files</Filter>
    </ClInclude>
    <ClInclude Include="$(BSP_ROOT)\STM32H7xxxx\STM32H7xx_HAL_Driver\Inc\stm32h7xx_hal_usart_ex.h">
      <Filter>Device-specific files</Filter>
    </ClInclude>
    <ClInclude Include="$(BSP_ROOT)\STM32H7xxxx\STM32H7xx_HAL_Driver\Inc\stm32h7xx_hal_wwdg.h">
      <Filter>Device-specific files</Filter>
    </ClInclude>
    <ClInclude Include="$(BSP_ROOT)\STM32H7xxxx\STM32H7xx_HAL_Driver\Inc\stm32h7xx_ll_usb.h">
      <Filter>Device-specific files</Filter>
    </ClInclude>
    <ClInclude Include="$(BSP_ROOT)\STM32H7xxxx\STM32H7xx_HAL_Driver\Inc\Legacy\stm32h7xx_hal_eth_ex_legacy.h">
      <Filter>Device-specific files</Filter>
    </ClInclude>
    <ClInclude Include="$(BSP_ROOT)\STM32H7xxxx\STM32H7xx_HAL_Driver\Inc\Legacy\stm32h7xx_hal_eth_legacy.h">
      <Filter>Device-specific files</Filter>
    </ClInclude>
    <ClInclude Include="$(BSP_ROOT)\STM32H7xxxx\STM32H7xx_HAL_Driver\Inc\Legacy\stm32_hal_legacy.h">
      <Filter>Device-specific files</Filter>
    </ClInclude>
    <ClInclude Include="$(BSP_ROOT)\STM32H7xxxx\CMSIS_HAL\Include\cmsis_armcc.h">
      <Filter>Device-specific files</Filter>
    </ClInclude>
    <ClInclude Include="$(BSP_ROOT)\STM32H7xxxx\CMSIS_HAL\Include\cmsis_armclang.h">
      <Filter>Device-specific files</Filter>
    </ClInclude>
    <ClInclude Include="$(BSP_ROOT)\STM32H7xxxx\CMSIS_HAL\Include\cmsis_armclang_ltm.h">
      <Filter>Device-specific files</Filter>
    </ClInclude>
    <ClInclude Include="$(BSP_ROOT)\STM32H7xxxx\CMSIS_HAL\Include\cmsis_compiler.h">
      <Filter>Device-specific files</Filter>
    </ClInclude>
    <ClInclude Include="$(BSP_ROOT)\STM32H7xxxx\CMSIS_HAL\Include\cmsis_gcc.h">
      <Filter>Device-specific files</Filter>
    </ClInclude>
    <ClInclude Include="$(BSP_ROOT)\STM32H7xxxx\CMSIS_HAL\Include\cmsis_iccarm.h">
      <Filter>Device-specific files</Filter>
    </ClInclude>
    <ClInclude Include="$(BSP_ROOT)\STM32H7xxxx\CMSIS_HAL\Include\cmsis_version.h">
      <Filter>Device-specific files</Filter>
    </ClInclude>
    <ClInclude Include="$(BSP_ROOT)\STM32H7xxxx\CMSIS_HAL\Include\core_armv81mml.h">
      <Filter>Device-specific files</Filter>
    </ClInclude>
    <ClInclude Include="$(BSP_ROOT)\STM32H7xxxx\CMSIS_HAL\Include\core_armv8mbl.h">
      <Filter>Device-specific files</Filter>
    </ClInclude>
    <ClInclude Include="$(BSP_ROOT)\STM32H7xxxx\CMSIS_HAL\Include\core_armv8mml.h">
      <Filter>Device-specific files</Filter>
    </ClInclude>
    <ClInclude Include="$(BSP_ROOT)\STM32H7xxxx\CMSIS_HAL\Include\core_cm0.h">
      <Filter>Device-specific files</Filter>
    </ClInclude>
    <ClInclude Include="$(BSP_ROOT)\STM32H7xxxx\CMSIS_HAL\Include\core_cm0plus.h">
      <Filter>Device-specific files</Filter>
    </ClInclude>
    <ClInclude Include="$(BSP_ROOT)\STM32H7xxxx\CMSIS_HAL\Include\core_cm1.h">
      <Filter>Device-specific files</Filter>
    </ClInclude>
    <ClInclude Include="$(BSP_ROOT)\STM32H7xxxx\CMSIS_HAL\Include\core_cm23.h">
      <Filter>Device-specific files</Filter>
    </ClInclude>
    <ClInclude Include="$(BSP_ROOT)\STM32H7xxxx\CMSIS_HAL\Include\core_cm3.h">
      <Filter>Device-specific files</Filter>
    </ClInclude>
    <ClInclude Include="$(BSP_ROOT)\STM32H7xxxx\CMSIS_HAL\Include\core_cm33.h">
      <Filter>Device-specific files</Filter>
    </ClInclude>
    <ClInclude Include="$(BSP_ROOT)\STM32H7xxxx\CMSIS_HAL\Include\core_cm35p.h">
      <Filter>Device-specific files</Filter>
    </ClInclude>
    <ClInclude Include="$(BSP_ROOT)\STM32H7xxxx\CMSIS_HAL\Include\core_cm4.h">
      <Filter>Device-specific files</Filter>
    </ClInclude>
    <ClInclude Include="$(BSP_ROOT)\STM32H7xxxx\CMSIS_HAL\Include\core_cm7.h">
      <Filter>Device-specific files</Filter>
    </ClInclude>
    <ClInclude Include="$(BSP_ROOT)\STM32H7xxxx\CMSIS_HAL\Include\core_sc000.h">
      <Filter>Device-specific files</Filter>
    </ClInclude>
    <ClInclude Include="$(BSP_ROOT)\STM32H7xxxx\CMSIS_HAL\Include\core_sc300.h">
      <Filter>Device-specific files</Filter>
    </ClInclude>
    <ClInclude Include="$(BSP_ROOT)\STM32H7xxxx\CMSIS_HAL\Include\mpu_armv7.h">
      <Filter>Device-specific files</Filter>
    </ClInclude>
    <ClInclude Include="$(BSP_ROOT)\STM32H7xxxx\CMSIS_HAL\Include\mpu_armv8.h">
      <Filter>Device-specific files</Filter>
    </ClInclude>
    <ClInclude Include="$(BSP_ROOT)\STM32H7xxxx\CMSIS_HAL\Include\tz_context.h">
      <Filter>Device-specific files</Filter>
    </ClInclude>
    <ClInclude Include="$(BSP_ROOT)\STM32H7xxxx\CMSIS_HAL\Device\ST\STM32H7xx\Include\stm32h730xxq.h">
      <Filter>Device-specific files</Filter>
    </ClInclude>
    <ClInclude Include="$(BSP_ROOT)\STM32H7xxxx\CMSIS_HAL\Device\ST\STM32H7xx\Include\stm32h7a3xxq.h">
      <Filter>Device-specific files</Filter>
    </ClInclude>
    <ClInclude Include="$(BSP_ROOT)\STM32H7xxxx\CMSIS_HAL\Device\ST\STM32H7xx\Include\stm32h7b0xxq.h">
      <Filter>Device-specific files</Filter>
    </ClInclude>
    <ClInclude Include="$(BSP_ROOT)\STM32H7xxxx\CMSIS_HAL\Device\ST\STM32H7xx\Include\stm32h7b3xxq.h">
      <Filter>Device-specific files</Filter>
    </ClInclude>
    <ClInclude Include="$(BSP_ROOT)\STM32H7xxxx\CMSIS_HAL\Device\ST\STM32H7xx\Include\stm32h7xx.h">
      <Filter>Device-specific files</Filter>
    </ClInclude>
    <ClInclude Include="$(BSP_ROOT)\STM32H7xxxx\CMSIS_HAL\Device\ST\STM32H7xx\Include\system_stm32h7xx.h">
      <Filter>Device-specific files</Filter>
    </ClInclude>
    <ClInclude Include="$(BSP_ROOT)\STM32H7xxxx\CMSIS_HAL\RTOS\Template\cmsis_os.h">
      <Filter>Device-specific files</Filter>
    </ClInclude>
    <ClInclude Include="$(BSP_ROOT)\STM32H7xxxx\STM32H7xx_HAL_Driver\Inc\stm32h7xx_ll_adc.h">
      <Filter>Device-specific files</Filter>
    </ClInclude>
    <ClInclude Include="$(BSP_ROOT)\STM32H7xxxx\STM32H7xx_HAL_Driver\Inc\stm32h7xx_ll_bdma.h">
      <Filter>Device-specific files</Filter>
    </ClInclude>
    <ClInclude Include="$(BSP_ROOT)\STM32H7xxxx\STM32H7xx_HAL_Driver\Inc\stm32h7xx_ll_bus.h">
      <Filter>Device-specific files</Filter>
    </ClInclude>
    <ClInclude Include="$(BSP_ROOT)\STM32H7xxxx\STM32H7xx_HAL_Driver\Inc\stm32h7xx_ll_comp.h">
      <Filter>Device-specific files</Filter>
    </ClInclude>
    <ClInclude Include="$(BSP_ROOT)\STM32H7xxxx\STM32H7xx_HAL_Driver\Inc\stm32h7xx_ll_cordic.h">
      <Filter>Device-specific files</Filter>
    </ClInclude>
    <ClInclude Include="$(BSP_ROOT)\STM32H7xxxx\STM32H7xx_HAL_Driver\Inc\stm32h7xx_ll_cortex.h">
      <Filter>Device-specific files</Filter>
    </ClInclude>
    <ClInclude Include="$(BSP_ROOT)\STM32H7xxxx\STM32H7xx_HAL_Driver\Inc\stm32h7xx_ll_crc.h">
      <Filter>Device-specific files</Filter>
    </ClInclude>
    <ClInclude Include="$(BSP_ROOT)\STM32H7xxxx\STM32H7xx_HAL_Driver\Inc\stm32h7xx_ll_crs.h">
      <Filter>Device-specific files</Filter>
    </ClInclude>
    <ClInclude Include="$(BSP_ROOT)\STM32H7xxxx\STM32H7xx_HAL_Driver\Inc\stm32h7xx_ll_dac.h">
      <Filter>Device-specific files</Filter>
    </ClInclude>
    <ClInclude Include="$(BSP_ROOT)\STM32H7xxxx\STM32H7xx_HAL_Driver\Inc\stm32h7xx_ll_delayblock.h">
      <Filter>Device-specific files</Filter>
    </ClInclude>
    <ClInclude Include="$(BSP_ROOT)\STM32H7xxxx\STM32H7xx_HAL_Driver\Inc\stm32h7xx_ll_dma.h">
      <Filter>Device-specific files</Filter>
    </ClInclude>
    <ClInclude Include="$(BSP_ROOT)\STM32H7xxxx\STM32H7xx_HAL_Driver\Inc\stm32h7xx_ll_dma2d.h">
      <Filter>Device-specific files</Filter>
    </ClInclude>
    <ClInclude Include="$(BSP_ROOT)\STM32H7xxxx\STM32H7xx_HAL_Driver\Inc\stm32h7xx_ll_dmamux.h">
      <Filter>Device-specific files</Filter>
    </ClInclude>
    <ClInclude Include="$(BSP_ROOT)\STM32H7xxxx\STM32H7xx_HAL_Driver\Inc\stm32h7xx_ll_exti.h">
      <Filter>Device-specific files</Filter>
    </ClInclude>
    <ClInclude Include="$(BSP_ROOT)\STM32H7xxxx\STM32H7xx_HAL_Driver\Inc\stm32h7xx_ll_fmac.h">
      <Filter>Device-specific files</Filter>
    </ClInclude>
    <ClInclude Include="$(BSP_ROOT)\STM32H7xxxx\STM32H7xx_HAL_Driver\Inc\stm32h7xx_ll_fmc.h">
      <Filter>Device-specific files</Filter>
    </ClInclude>
    <ClInclude Include="$(BSP_ROOT)\STM32H7xxxx\STM32H7xx_HAL_Driver\Inc\stm32h7xx_ll_gpio.h">
      <Filter>Device-specific files</Filter>
    </ClInclude>
    <ClInclude Include="$(BSP_ROOT)\STM32H7xxxx\STM32H7xx_HAL_Driver\Inc\stm32h7xx_ll_hrtim.h">
      <Filter>Device-specific files</Filter>
    </ClInclude>
    <ClInclude Include="$(BSP_ROOT)\STM32H7xxxx\STM32H7xx_HAL_Driver\Inc\stm32h7xx_ll_hsem.h">
      <Filter>Device-specific files</Filter>
    </ClInclude>
    <ClInclude Include="$(BSP_ROOT)\STM32H7xxxx\STM32H7xx_HAL_Driver\Inc\stm32h7xx_ll_i2c.h">
      <Filter>Device-specific files</Filter>
    </ClInclude>
    <ClInclude Include="$(BSP_ROOT)\STM32H7xxxx\STM32H7xx_HAL_Driver\Inc\stm32h7xx_ll_iwdg.h">
      <Filter>Device-specific files</Filter>
    </ClInclude>
    <ClInclude Include="$(BSP_ROOT)\STM32H7xxxx\STM32H7xx_HAL_Driver\Inc\stm32h7xx_ll_lptim.h">
      <Filter>Device-specific files</Filter>
    </ClInclude>
    <ClInclude Include="$(BSP_ROOT)\STM32H7xxxx\STM32H7xx_HAL_Driver\Inc\stm32h7xx_ll_lpuart.h">
      <Filter>Device-specific files</Filter>
    </ClInclude>
    <ClInclude Include="$(BSP_ROOT)\STM32H7xxxx\STM32H7xx_HAL_Driver\Inc\stm32h7xx_ll_mdma.h">
      <Filter>Device-specific files</Filter>
    </ClInclude>
    <ClInclude Include="$(BSP_ROOT)\STM32H7xxxx\STM32H7xx_HAL_Driver\Inc\stm32h7xx_ll_opamp.h">
      <Filter>Device-specific files</Filter>
    </ClInclude>
    <ClInclude Include="$(BSP_ROOT)\STM32H7xxxx\STM32H7xx_HAL_Driver\Inc\stm32h7xx_ll_pwr.h">
      <Filter>Device-specific files</Filter>
    </ClInclude>
    <ClInclude Include="$(BSP_ROOT)\STM32H7xxxx\STM32H7xx_HAL_Driver\Inc\stm32h7xx_ll_rcc.h">
      <Filter>Device-specific files</Filter>
    </ClInclude>
    <ClInclude Include="$(BSP_ROOT)\STM32H7xxxx\STM32H7xx_HAL_Driver\Inc\stm32h7xx_ll_rng.h">
      <Filter>Device-specific files</Filter>
    </ClInclude>
    <ClInclude Include="$(BSP_ROOT)\STM32H7xxxx\STM32H7xx_HAL_Driver\Inc\stm32h7xx_ll_rtc.h">
      <Filter>Device-specific files</Filter>
    </ClInclude>
    <ClInclude Include="$(BSP_ROOT)\STM32H7xxxx\STM32H7xx_HAL_Driver\Inc\stm32h7xx_ll_sdmmc.h">
      <Filter>Device-specific files</Filter>
    </ClInclude>
    <ClInclude Include="$(BSP_ROOT)\STM32H7xxxx\STM32H7xx_HAL_Driver\Inc\stm32h7xx_ll_spi.h">
      <Filter>Device-specific files</Filter>
    </ClInclude>
    <ClInclude Include="$(BSP_ROOT)\STM32H7xxxx\STM32H7xx_HAL_Driver\Inc\stm32h7xx_ll_swpmi.h">
      <Filter>Device-specific files</Filter>
    </ClInclude>
    <ClInclude Include="$(BSP_ROOT)\STM32H7xxxx\STM32H7xx_HAL_Driver\Inc\stm32h7xx_ll_system.h">
      <Filter>Device-specific files</Filter>
    </ClInclude>
    <ClInclude Include="$(BSP_ROOT)\STM32H7xxxx\STM32H7xx_HAL_Driver\Inc\stm32h7xx_ll_tim.h">
      <Filter>Device-specific files</Filter>
    </ClInclude>
    <ClInclude Include="$(BSP_ROOT)\STM32H7xxxx\STM32H7xx_HAL_Driver\Inc\stm32h7xx_ll_usart.h">
      <Filter>Device-specific files</Filter>
    </ClInclude>
    <ClInclude Include="$(BSP_ROOT)\STM32H7xxxx\STM32H7xx_HAL_Driver\Inc\stm32h7xx_ll_utils.h">
      <Filter>Device-specific files</Filter>
    </ClInclude>
    <ClInclude Include="$(BSP_ROOT)\STM32H7xxxx\STM32H7xx_HAL_Driver\Inc\stm32h7xx_ll_wwdg.h">
      <Filter>Device-specific files</Filter>
    </ClInclude>
  </ItemGroup>
  <ItemGroup>
    <ClInclude Include="Pheonix\RCC\7xx\rcc_7xx.h">
      <Filter>Pheonix\RCC\7xx</Filter>
    </ClInclude>
    <ClInclude Include="Pheonix\Display\LcdDefinitions.h">
      <Filter>Pheonix\Display</Filter>
    </ClInclude>
    <ClInclude Include="Pheonix\Display\gui.h">
      <Filter>Pheonix\Display</Filter>
    </ClInclude>
    <ClInclude Include="Pheonix\Display\DisplayList.h">
      <Filter>Pheonix\Display</Filter>
    </ClInclude>
    <ClInclude Include="Pheonix\Display\display.h">
      <Filter>Pheonix\Display</Filter>
    </ClInclude>
    <ClInclude Include="Pheonix\Display\colortables.h">
      <Filter>Pheonix\Display</Filter>
    </ClInclude>
    <ClInclude Include="Pheonix\Display\ST7789\st7789.h">
      <Filter>Pheonix\Display\ST7789</Filter>
    </ClInclude>
    <ClInclude Include="Pheonix\Display\ILI9341\ILI9341_Touchscreen.h">
      <Filter>Pheonix\Display\ILI9341</Filter>
    </ClInclude>
    <ClInclude Include="Pheonix\Display\ILI9341\ILI9341_STM32_Driver.h">
      <Filter>Pheonix\Display\ILI9341</Filter>
    </ClInclude>
    <ClInclude Include="Pheonix\Display\ILI9341\ILI9341_GFX.h">
      <Filter>Pheonix\Display\ILI9341</Filter>
    </ClInclude>
    <ClInclude Include="Pheonix\Display\7xx\lcdspi_7xx.h">
      <Filter>Pheonix\Display\7xx</Filter>
    </ClInclude>
    <ClInclude Include="Pheonix\Camera\ov7725_regs.h">
      <Filter>Pheonix\Camera</Filter>
    </ClInclude>
    <ClInclude Include="Pheonix\Camera\ov7725.h">
      <Filter>Pheonix\Camera</Filter>
    </ClInclude>
    <ClInclude Include="Pheonix\Camera\ov7670_regs.h">
      <Filter>Pheonix\Camera</Filter>
    </ClInclude>
    <ClInclude Include="Pheonix\Camera\ov7670.h">
      <Filter>Pheonix\Camera</Filter>
    </ClInclude>
    <ClInclude Include="Pheonix\Camera\ov5640_regs.h">
      <Filter>Pheonix\Camera</Filter>
    </ClInclude>
    <ClInclude Include="Pheonix\Camera\ov5640.h">
      <Filter>Pheonix\Camera</Filter>
    </ClInclude>
    <ClInclude Include="Pheonix\Camera\ov2640_regs.h">
      <Filter>Pheonix\Camera</Filter>
    </ClInclude>
    <ClInclude Include="Pheonix\Camera\ov2640.h">
      <Filter>Pheonix\Camera</Filter>
    </ClInclude>
    <ClInclude Include="Pheonix\Camera\dcmi.h">
      <Filter>Pheonix\Camera</Filter>
    </ClInclude>
    <ClInclude Include="Pheonix\Camera\camera.h">
      <Filter>Pheonix\Camera</Filter>
    </ClInclude>
    <ClInclude Include="Pheonix\GPIO\gpio.h">
      <Filter>Pheonix\GPIO</Filter>
    </ClInclude>
    <ClInclude Include="Pheonix\GPIO\7xx\pins_7xx.h">
      <Filter>Pheonix\GPIO\7xx</Filter>
    </ClInclude>
    <ClInclude Include="Pheonix\GPIO\7xx\pinout_H_743.h">
      <Filter>Pheonix\GPIO\7xx</Filter>
    </ClInclude>
    <ClInclude Include="Pheonix\GPIO\7xx\pininit.h">
      <Filter>Pheonix\GPIO\7xx</Filter>
    </ClInclude>
    <ClInclude Include="Pheonix\global.h">
      <Filter>Pheonix</Filter>
    </ClInclude>
    <ClInclude Include="Pheonix\configure.h">
      <Filter>Pheonix</Filter>
    </ClInclude>
    <ClInclude Include="main.h" />
    <ClInclude Include="RevisionHistory.h" />
    <ClInclude Include="taskmanager.h" />
    <ClInclude Include="Drivers\CMSIS\Device\ST\STM32H7xx\Include\stm32h743xx.h">
      <Filter>Drivers\CMSIS\Device\ST\STM32H7xx\Include</Filter>
    </ClInclude>
    <ClInclude Include="Drivers\CMSIS\Device\ST\STM32H7xx\Include\stm32h7xx.h">
      <Filter>Drivers\CMSIS\Device\ST\STM32H7xx\Include</Filter>
    </ClInclude>
    <ClInclude Include="Drivers\CMSIS\Device\ST\STM32H7xx\Include\system_stm32h7xx.h">
      <Filter>Drivers\CMSIS\Device\ST\STM32H7xx\Include</Filter>
    </ClInclude>
    <ClInclude Include="Drivers\CMSIS\Include\cmsis_armcc.h">
      <Filter>Drivers\CMSIS\Include</Filter>
    </ClInclude>
    <ClInclude Include="Drivers\CMSIS\Include\cmsis_armclang.h">
      <Filter>Drivers\CMSIS\Include</Filter>
    </ClInclude>
    <ClInclude Include="Drivers\CMSIS\Include\cmsis_compiler.h">
      <Filter>Drivers\CMSIS\Include</Filter>
    </ClInclude>
    <ClInclude Include="Drivers\CMSIS\Include\cmsis_gcc.h">
      <Filter>Drivers\CMSIS\Include</Filter>
    </ClInclude>
    <ClInclude Include="Drivers\CMSIS\Include\cmsis_iccarm.h">
      <Filter>Drivers\CMSIS\Include</Filter>
    </ClInclude>
    <ClInclude Include="Drivers\CMSIS\Include\cmsis_version.h">
      <Filter>Drivers\CMSIS\Include</Filter>
    </ClInclude>
    <ClInclude Include="Drivers\CMSIS\Include\core_armv8mbl.h">
      <Filter>Drivers\CMSIS\Include</Filter>
    </ClInclude>
    <ClInclude Include="Drivers\CMSIS\Include\core_armv8mml.h">
      <Filter>Drivers\CMSIS\Include</Filter>
    </ClInclude>
    <ClInclude Include="Drivers\CMSIS\Include\core_cm0.h">
      <Filter>Drivers\CMSIS\Include</Filter>
    </ClInclude>
    <ClInclude Include="Drivers\CMSIS\Include\core_cm0plus.h">
      <Filter>Drivers\CMSIS\Include</Filter>
    </ClInclude>
    <ClInclude Include="Drivers\CMSIS\Include\core_cm1.h">
      <Filter>Drivers\CMSIS\Include</Filter>
    </ClInclude>
    <ClInclude Include="Drivers\CMSIS\Include\core_cm23.h">
      <Filter>Drivers\CMSIS\Include</Filter>
    </ClInclude>
    <ClInclude Include="Drivers\CMSIS\Include\core_cm3.h">
      <Filter>Drivers\CMSIS\Include</Filter>
    </ClInclude>
    <ClInclude Include="Drivers\CMSIS\Include\core_cm33.h">
      <Filter>Drivers\CMSIS\Include</Filter>
    </ClInclude>
    <ClInclude Include="Drivers\CMSIS\Include\core_cm4.h">
      <Filter>Drivers\CMSIS\Include</Filter>
    </ClInclude>
    <ClInclude Include="Drivers\CMSIS\Include\core_cm7.h">
      <Filter>Drivers\CMSIS\Include</Filter>
    </ClInclude>
    <ClInclude Include="Drivers\CMSIS\Include\core_sc000.h">
      <Filter>Drivers\CMSIS\Include</Filter>
    </ClInclude>
    <ClInclude Include="Drivers\CMSIS\Include\core_sc300.h">
      <Filter>Drivers\CMSIS\Include</Filter>
    </ClInclude>
    <ClInclude Include="Drivers\CMSIS\Include\mpu_armv7.h">
      <Filter>Drivers\CMSIS\Include</Filter>
    </ClInclude>
    <ClInclude Include="Drivers\CMSIS\Include\mpu_armv8.h">
      <Filter>Drivers\CMSIS\Include</Filter>
    </ClInclude>
    <ClInclude Include="Drivers\CMSIS\Include\tz_context.h">
      <Filter>Drivers\CMSIS\Include</Filter>
    </ClInclude>
    <ClInclude Include="Drivers\STM32H7xx_HAL_Driver\Inc\stm32h7xx_hal.h">
      <Filter>Drivers\STM32H7xx_HAL_Driver\Inc</Filter>
    </ClInclude>
    <ClInclude Include="Drivers\STM32H7xx_HAL_Driver\Inc\stm32h7xx_hal_adc.h">
      <Filter>Drivers\STM32H7xx_HAL_Driver\Inc</Filter>
    </ClInclude>
    <ClInclude Include="Drivers\STM32H7xx_HAL_Driver\Inc\stm32h7xx_hal_adc_ex.h">
      <Filter>Drivers\STM32H7xx_HAL_Driver\Inc</Filter>
    </ClInclude>
    <ClInclude Include="Drivers\STM32H7xx_HAL_Driver\Inc\stm32h7xx_hal_cortex.h">
      <Filter>Drivers\STM32H7xx_HAL_Driver\Inc</Filter>
    </ClInclude>
    <ClInclude Include="Drivers\STM32H7xx_HAL_Driver\Inc\stm32h7xx_hal_dac.h">
      <Filter>Drivers\STM32H7xx_HAL_Driver\Inc</Filter>
    </ClInclude>
    <ClInclude Include="Drivers\STM32H7xx_HAL_Driver\Inc\stm32h7xx_hal_dac_ex.h">
      <Filter>Drivers\STM32H7xx_HAL_Driver\Inc</Filter>
    </ClInclude>
    <ClInclude Include="Drivers\STM32H7xx_HAL_Driver\Inc\stm32h7xx_hal_dcmi.h">
      <Filter>Drivers\STM32H7xx_HAL_Driver\Inc</Filter>
    </ClInclude>
    <ClInclude Include="Drivers\STM32H7xx_HAL_Driver\Inc\stm32h7xx_hal_def.h">
      <Filter>Drivers\STM32H7xx_HAL_Driver\Inc</Filter>
    </ClInclude>
    <ClInclude Include="Drivers\STM32H7xx_HAL_Driver\Inc\stm32h7xx_hal_dma.h">
      <Filter>Drivers\STM32H7xx_HAL_Driver\Inc</Filter>
    </ClInclude>
    <ClInclude Include="Drivers\STM32H7xx_HAL_Driver\Inc\stm32h7xx_hal_dma_ex.h">
      <Filter>Drivers\STM32H7xx_HAL_Driver\Inc</Filter>
    </ClInclude>
    <ClInclude Include="Drivers\STM32H7xx_HAL_Driver\Inc\stm32h7xx_hal_exti.h">
      <Filter>Drivers\STM32H7xx_HAL_Driver\Inc</Filter>
    </ClInclude>
    <ClInclude Include="Drivers\STM32H7xx_HAL_Driver\Inc\stm32h7xx_hal_flash.h">
      <Filter>Drivers\STM32H7xx_HAL_Driver\Inc</Filter>
    </ClInclude>
    <ClInclude Include="Drivers\STM32H7xx_HAL_Driver\Inc\stm32h7xx_hal_flash_ex.h">
      <Filter>Drivers\STM32H7xx_HAL_Driver\Inc</Filter>
    </ClInclude>
    <ClInclude Include="Drivers\STM32H7xx_HAL_Driver\Inc\stm32h7xx_hal_gpio.h">
      <Filter>Drivers\STM32H7xx_HAL_Driver\Inc</Filter>
    </ClInclude>
    <ClInclude Include="Drivers\STM32H7xx_HAL_Driver\Inc\stm32h7xx_hal_gpio_ex.h">
      <Filter>Drivers\STM32H7xx_HAL_Driver\Inc</Filter>
    </ClInclude>
    <ClInclude Include="Drivers\STM32H7xx_HAL_Driver\Inc\stm32h7xx_hal_hsem.h">
      <Filter>Drivers\STM32H7xx_HAL_Driver\Inc</Filter>
    </ClInclude>
    <ClInclude Include="Drivers\STM32H7xx_HAL_Driver\Inc\stm32h7xx_hal_i2c.h">
      <Filter>Drivers\STM32H7xx_HAL_Driver\Inc</Filter>
    </ClInclude>
    <ClInclude Include="Drivers\STM32H7xx_HAL_Driver\Inc\stm32h7xx_hal_i2c_ex.h">
      <Filter>Drivers\STM32H7xx_HAL_Driver\Inc</Filter>
    </ClInclude>
    <ClInclude Include="Drivers\STM32H7xx_HAL_Driver\Inc\stm32h7xx_hal_mdma.h">
      <Filter>Drivers\STM32H7xx_HAL_Driver\Inc</Filter>
    </ClInclude>
    <ClInclude Include="Drivers\STM32H7xx_HAL_Driver\Inc\stm32h7xx_hal_pcd.h">
      <Filter>Drivers\STM32H7xx_HAL_Driver\Inc</Filter>
    </ClInclude>
    <ClInclude Include="Drivers\STM32H7xx_HAL_Driver\Inc\stm32h7xx_hal_pcd_ex.h">
      <Filter>Drivers\STM32H7xx_HAL_Driver\Inc</Filter>
    </ClInclude>
    <ClInclude Include="Drivers\STM32H7xx_HAL_Driver\Inc\stm32h7xx_hal_pwr.h">
      <Filter>Drivers\STM32H7xx_HAL_Driver\Inc</Filter>
    </ClInclude>
    <ClInclude Include="Drivers\STM32H7xx_HAL_Driver\Inc\stm32h7xx_hal_pwr_ex.h">
      <Filter>Drivers\STM32H7xx_HAL_Driver\Inc</Filter>
    </ClInclude>
    <ClInclude Include="Drivers\STM32H7xx_HAL_Driver\Inc\stm32h7xx_hal_rcc.h">
      <Filter>Drivers\STM32H7xx_HAL_Driver\Inc</Filter>
    </ClInclude>
    <ClInclude Include="Drivers\STM32H7xx_HAL_Driver\Inc\stm32h7xx_hal_rcc_ex.h">
      <Filter>Drivers\STM32H7xx_HAL_Driver\Inc</Filter>
    </ClInclude>
    <ClInclude Include="Drivers\STM32H7xx_HAL_Driver\Inc\stm32h7xx_hal_spi.h">
      <Filter>Drivers\STM32H7xx_HAL_Driver\Inc</Filter>
    </ClInclude>
    <ClInclude Include="Drivers\STM32H7xx_HAL_Driver\Inc\stm32h7xx_hal_spi_ex.h">
      <Filter>Drivers\STM32H7xx_HAL_Driver\Inc</Filter>
    </ClInclude>
    <ClInclude Include="Drivers\STM32H7xx_HAL_Driver\Inc\stm32h7xx_hal_tim.h">
      <Filter>Drivers\STM32H7xx_HAL_Driver\Inc</Filter>
    </ClInclude>
    <ClInclude Include="Drivers\STM32H7xx_HAL_Driver\Inc\stm32h7xx_hal_tim_ex.h">
      <Filter>Drivers\STM32H7xx_HAL_Driver\Inc</Filter>
    </ClInclude>
    <ClInclude Include="Drivers\STM32H7xx_HAL_Driver\Inc\stm32h7xx_ll_adc.h">
      <Filter>Drivers\STM32H7xx_HAL_Driver\Inc</Filter>
    </ClInclude>
    <ClInclude Include="Drivers\STM32H7xx_HAL_Driver\Inc\stm32h7xx_ll_usb.h">
      <Filter>Drivers\STM32H7xx_HAL_Driver\Inc</Filter>
    </ClInclude>
    <ClInclude Include="Drivers\STM32H7xx_HAL_Driver\Inc\Legacy\stm32_hal_legacy.h">
      <Filter>Drivers\STM32H7xx_HAL_Driver\Inc\Legacy</Filter>
    </ClInclude>
    <ClInclude Include="Core\stm32h7xx_hal_conf.h">
      <Filter>Core</Filter>
    </ClInclude>
    <ClInclude Include="Core\stm32h7xx_it.h">
      <Filter>Core</Filter>
    </ClInclude>
    <ClInclude Include="Core\systeminfo.h">
      <Filter>Core</Filter>
    </ClInclude>
    <ClInclude Include="Pheonix\USB\usb_device.h">
      <Filter>Pheonix\USB</Filter>
    </ClInclude>
    <ClInclude Include="Pheonix\USB\usbd_cdc.h">
      <Filter>Pheonix\USB</Filter>
    </ClInclude>
    <ClInclude Include="Pheonix\USB\usbd_cdc_if.h">
      <Filter>Pheonix\USB</Filter>
    </ClInclude>
    <ClInclude Include="Pheonix\USB\usbd_conf.h">
      <Filter>Pheonix\USB</Filter>
    </ClInclude>
    <ClInclude Include="Pheonix\USB\usbd_core.h">
      <Filter>Pheonix\USB</Filter>
    </ClInclude>
    <ClInclude Include="Pheonix\USB\usbd_ctlreq.h">
      <Filter>Pheonix\USB</Filter>
    </ClInclude>
    <ClInclude Include="Pheonix\USB\usbd_def.h">
      <Filter>Pheonix\USB</Filter>
    </ClInclude>
    <ClInclude Include="Pheonix\USB\usbd_desc.h">
      <Filter>Pheonix\USB</Filter>
    </ClInclude>
    <ClInclude Include="Pheonix\USB\usbd_ioreq.h">
      <Filter>Pheonix\USB</Filter>
    </ClInclude>
    <ClInclude Include="Pheonix\Display\ST7735\font.h">
      <Filter>Pheonix\Display</Filter>
    </ClInclude>
    <ClInclude Include="Pheonix\Display\ST7735\st7735.h">
      <Filter>Pheonix\Display\ST7735</Filter>
    </ClInclude>
    <ClInclude Include="Pheonix\Display\ST7735\st7735_reg.h">
      <Filter>Pheonix\Display\ST7735</Filter>
    </ClInclude>
    <ClInclude Include="Pheonix\Display\ST7735\lcd.h">
      <Filter>Pheonix\Display\ST7735</Filter>
    </ClInclude>
    <ClInclude Include="Pheonix\Camera\i2c.h">
      <Filter>Pheonix\Camera</Filter>
    </ClInclude>
  </ItemGroup>
  <ItemGroup>
    <ClCompile Include="Drivers\STM32H7xx_HAL_Driver\Src\stm32h7xx_hal.c">
      <Filter>Drivers\STM32H7xx_HAL_Driver\Src</Filter>
    </ClCompile>
    <ClCompile Include="Drivers\STM32H7xx_HAL_Driver\Src\stm32h7xx_hal_adc.c">
      <Filter>Drivers\STM32H7xx_HAL_Driver\Src</Filter>
    </ClCompile>
    <ClCompile Include="Drivers\STM32H7xx_HAL_Driver\Src\stm32h7xx_hal_adc_ex.c">
      <Filter>Drivers\STM32H7xx_HAL_Driver\Src</Filter>
    </ClCompile>
    <ClCompile Include="Drivers\STM32H7xx_HAL_Driver\Src\stm32h7xx_hal_cortex.c">
      <Filter>Drivers\STM32H7xx_HAL_Driver\Src</Filter>
    </ClCompile>
    <ClCompile Include="Drivers\STM32H7xx_HAL_Driver\Src\stm32h7xx_hal_dac.c">
      <Filter>Drivers\STM32H7xx_HAL_Driver\Src</Filter>
    </ClCompile>
    <ClCompile Include="Drivers\STM32H7xx_HAL_Driver\Src\stm32h7xx_hal_dac_ex.c">
      <Filter>Drivers\STM32H7xx_HAL_Driver\Src</Filter>
    </ClCompile>
    <ClCompile Include="Drivers\STM32H7xx_HAL_Driver\Src\stm32h7xx_hal_dcmi.c">
      <Filter>Drivers\STM32H7xx_HAL_Driver\Src</Filter>
    </ClCompile>
    <ClCompile Include="Drivers\STM32H7xx_HAL_Driver\Src\stm32h7xx_hal_dma.c">
      <Filter>Drivers\STM32H7xx_HAL_Driver\Src</Filter>
    </ClCompile>
    <ClCompile Include="Drivers\STM32H7xx_HAL_Driver\Src\stm32h7xx_hal_dma_ex.c">
      <Filter>Drivers\STM32H7xx_HAL_Driver\Src</Filter>
    </ClCompile>
    <ClCompile Include="Drivers\STM32H7xx_HAL_Driver\Src\stm32h7xx_hal_exti.c">
      <Filter>Drivers\STM32H7xx_HAL_Driver\Src</Filter>
    </ClCompile>
    <ClCompile Include="Drivers\STM32H7xx_HAL_Driver\Src\stm32h7xx_hal_flash.c">
      <Filter>Drivers\STM32H7xx_HAL_Driver\Src</Filter>
    </ClCompile>
    <ClCompile Include="Drivers\STM32H7xx_HAL_Driver\Src\stm32h7xx_hal_flash_ex.c">
      <Filter>Drivers\STM32H7xx_HAL_Driver\Src</Filter>
    </ClCompile>
    <ClCompile Include="Drivers\STM32H7xx_HAL_Driver\Src\stm32h7xx_hal_gpio.c">
      <Filter>Drivers\STM32H7xx_HAL_Driver\Src</Filter>
    </ClCompile>
    <ClCompile Include="Drivers\STM32H7xx_HAL_Driver\Src\stm32h7xx_hal_hsem.c">
      <Filter>Drivers\STM32H7xx_HAL_Driver\Src</Filter>
    </ClCompile>
    <ClCompile Include="Drivers\STM32H7xx_HAL_Driver\Src\stm32h7xx_hal_i2c.c">
      <Filter>Drivers\STM32H7xx_HAL_Driver\Src</Filter>
    </ClCompile>
    <ClCompile Include="Drivers\STM32H7xx_HAL_Driver\Src\stm32h7xx_hal_i2c_ex.c">
      <Filter>Drivers\STM32H7xx_HAL_Driver\Src</Filter>
    </ClCompile>
    <ClCompile Include="Drivers\STM32H7xx_HAL_Driver\Src\stm32h7xx_hal_mdma.c">
      <Filter>Drivers\STM32H7xx_HAL_Driver\Src</Filter>
    </ClCompile>
    <ClCompile Include="Drivers\STM32H7xx_HAL_Driver\Src\stm32h7xx_hal_pcd.c">
      <Filter>Drivers\STM32H7xx_HAL_Driver\Src</Filter>
    </ClCompile>
    <ClCompile Include="Drivers\STM32H7xx_HAL_Driver\Src\stm32h7xx_hal_pcd_ex.c">
      <Filter>Drivers\STM32H7xx_HAL_Driver\Src</Filter>
    </ClCompile>
    <ClCompile Include="Drivers\STM32H7xx_HAL_Driver\Src\stm32h7xx_hal_pwr.c">
      <Filter>Drivers\STM32H7xx_HAL_Driver\Src</Filter>
    </ClCompile>
    <ClCompile Include="Drivers\STM32H7xx_HAL_Driver\Src\stm32h7xx_hal_pwr_ex.c">
      <Filter>Drivers\STM32H7xx_HAL_Driver\Src</Filter>
    </ClCompile>
    <ClCompile Include="Drivers\STM32H7xx_HAL_Driver\Src\stm32h7xx_hal_rcc.c">
      <Filter>Drivers\STM32H7xx_HAL_Driver\Src</Filter>
    </ClCompile>
    <ClCompile Include="Drivers\STM32H7xx_HAL_Driver\Src\stm32h7xx_hal_rcc_ex.c">
      <Filter>Drivers\STM32H7xx_HAL_Driver\Src</Filter>
    </ClCompile>
    <ClCompile Include="Drivers\STM32H7xx_HAL_Driver\Src\stm32h7xx_hal_spi.c">
      <Filter>Drivers\STM32H7xx_HAL_Driver\Src</Filter>
    </ClCompile>
    <ClCompile Include="Drivers\STM32H7xx_HAL_Driver\Src\stm32h7xx_hal_spi_ex.c">
      <Filter>Drivers\STM32H7xx_HAL_Driver\Src</Filter>
    </ClCompile>
    <ClCompile Include="Drivers\STM32H7xx_HAL_Driver\Src\stm32h7xx_hal_tim.c">
      <Filter>Drivers\STM32H7xx_HAL_Driver\Src</Filter>
    </ClCompile>
    <ClCompile Include="Drivers\STM32H7xx_HAL_Driver\Src\stm32h7xx_hal_tim_ex.c">
      <Filter>Drivers\STM32H7xx_HAL_Driver\Src</Filter>
    </ClCompile>
    <ClCompile Include="Drivers\STM32H7xx_HAL_Driver\Src\stm32h7xx_ll_usb.c">
      <Filter>Drivers\STM32H7xx_HAL_Driver\Src</Filter>
    </ClCompile>
    <ClCompile Include="Core\stm32h7xx_hal_msp.c">
      <Filter>Core</Filter>
    </ClCompile>
    <ClCompile Include="Core\stm32h7xx_it.c">
      <Filter>Core</Filter>
    </ClCompile>
    <ClCompile Include="Core\syscalls.c">
      <Filter>Core</Filter>
    </ClCompile>
    <ClCompile Include="Core\sysmem.c">
      <Filter>Core</Filter>
    </ClCompile>
    <ClCompile Include="Core\system_stm32h7xx.c">
      <Filter>Core</Filter>
    </ClCompile>
    <ClCompile Include="Core\startup_stm32h743vitx.s">
      <Filter>Core</Filter>
    </ClCompile>
    <ClCompile Include="Pheonix\USB\usb_device.c">
      <Filter>Pheonix\USB</Filter>
    </ClCompile>
    <ClCompile Include="Pheonix\USB\usbd_cdc.c">
      <Filter>Pheonix\USB</Filter>
    </ClCompile>
    <ClCompile Include="Pheonix\USB\usbd_cdc_if.c">
      <Filter>Pheonix\USB</Filter>
    </ClCompile>
    <ClCompile Include="Pheonix\USB\usbd_conf.c">
      <Filter>Pheonix\USB</Filter>
    </ClCompile>
    <ClCompile Include="Pheonix\USB\usbd_core.c">
      <Filter>Pheonix\USB</Filter>
    </ClCompile>
    <ClCompile Include="Pheonix\USB\usbd_ctlreq.c">
      <Filter>Pheonix\USB</Filter>
    </ClCompile>
    <ClCompile Include="Pheonix\USB\usbd_desc.c">
      <Filter>Pheonix\USB</Filter>
    </ClCompile>
    <ClCompile Include="Pheonix\USB\usbd_ioreq.c">
      <Filter>Pheonix\USB</Filter>
    </ClCompile>
    <ClCompile Include="Pheonix\Display\ST7735\logo.c">
      <Filter>Pheonix\Display\ST7735</Filter>
    </ClCompile>
    <ClCompile Include="Pheonix\Display\ST7735\logo_128_160.c">
      <Filter>Pheonix\Display\ST7735</Filter>
    </ClCompile>
    <ClCompile Include="Pheonix\Display\ST7735\logo_160_80.c">
      <Filter>Pheonix\Display\ST7735</Filter>
    </ClCompile>
    <ClCompile Include="Pheonix\Display\ST7735\st7735.c">
      <Filter>Pheonix\Display\ST7735</Filter>
    </ClCompile>
    <ClCompile Include="Pheonix\Display\ST7735\st7735_reg.c">
      <Filter>Pheonix\Display\ST7735</Filter>
    </ClCompile>
    <ClCompile Include="Pheonix\Display\ST7735\lcd.c">
      <Filter>Pheonix\Display\ST7735</Filter>
    </ClCompile>
    <ClCompile Include="Pheonix\Display\ST7735\hyrel_160_80.c">
      <Filter>Pheonix\Display\ST7735</Filter>
    </ClCompile>
    <ClCompile Include="Pheonix\Camera\i2c.c">
      <Filter>Pheonix\Camera</Filter>
    </ClCompile>
  </ItemGroup>
</Project>